
Microsoft Visual Studio Solution File, Format Version 12.00
# Visual Studio Version 16
VisualStudioVersion = 16.0.31410.357
MinimumVisualStudioVersion = 10.0.40219.1
Project("{FAE04EC0-301F-11D3-BF4B-00C04F79EFBC}") = "SmsMicroservice", "SmsMicroservice\SmsMicroservice.csproj", "{408F3982-76E5-405A-A3A2-2438497A4633}"
EndProject
Project("{FAE04EC0-301F-11D3-BF4B-00C04F79EFBC}") = "SmsMicroservice.Core", "SmsMicroservice.Core\SmsMicroservice.Core.csproj", "{571EEF84-F181-4F2D-90D8-2F7CC6757A05}"
EndProject
Project("{FAE04EC0-301F-11D3-BF4B-00C04F79EFBC}") = "SmsMicroservice.Tests", "SmsMicroservice.Tests\SmsMicroservice.Tests.csproj", "{750925EB-A85D-4C92-AB25-708EEB6EBC5D}"
EndProject
Global
	GlobalSection(SolutionConfigurationPlatforms) = preSolution
		Debug|Any CPU = Debug|Any CPU
		Release|Any CPU = Release|Any CPU
	EndGlobalSection
	GlobalSection(ProjectConfigurationPlatforms) = postSolution
		{408F3982-76E5-405A-A3A2-2438497A4633}.Debug|Any CPU.ActiveCfg = Debug|Any CPU
		{408F3982-76E5-405A-A3A2-2438497A4633}.Debug|Any CPU.Build.0 = Debug|Any CPU
		{408F3982-76E5-405A-A3A2-2438497A4633}.Release|Any CPU.ActiveCfg = Release|Any CPU
		{408F3982-76E5-405A-A3A2-2438497A4633}.Release|Any CPU.Build.0 = Release|Any CPU
		{571EEF84-F181-4F2D-90D8-2F7CC6757A05}.Debug|Any CPU.ActiveCfg = Debug|Any CPU
		{571EEF84-F181-4F2D-90D8-2F7CC6757A05}.Debug|Any CPU.Build.0 = Debug|Any CPU
		{571EEF84-F181-4F2D-90D8-2F7CC6757A05}.Release|Any CPU.ActiveCfg = Release|Any CPU
		{571EEF84-F181-4F2D-90D8-2F7CC6757A05}.Release|Any CPU.Build.0 = Release|Any CPU
		{750925EB-A85D-4C92-AB25-708EEB6EBC5D}.Debug|Any CPU.ActiveCfg = Debug|Any CPU
		{750925EB-A85D-4C92-AB25-708EEB6EBC5D}.Debug|Any CPU.Build.0 = Debug|Any CPU
		{750925EB-A85D-4C92-AB25-708EEB6EBC5D}.Release|Any CPU.ActiveCfg = Release|Any CPU
		{750925EB-A85D-4C92-AB25-708EEB6EBC5D}.Release|Any CPU.Build.0 = Release|Any CPU
	EndGlobalSection
	GlobalSection(SolutionProperties) = preSolution
		HideSolutionNode = FALSE
	EndGlobalSection
	GlobalSection(ExtensibilityGlobals) = postSolution
		SolutionGuid = {1BA6C455-A923-4A13-A25D-848D4CF4B48B}
	EndGlobalSection
EndGlobal
